<?xml version="1.0" encoding="utf-8"?>
<Project ToolsVersion="4.0" xmlns="http://schemas.microsoft.com/developer/msbuild/2003">
  <ItemGroup>
    <Filter Include="Source Files">
      <UniqueIdentifier>{a6c23e0d-1813-45be-919d-2d4cdd7ebc3b}</UniqueIdentifier>
      <Extensions>cpp;c;cxx;def;odl;idl;hpj;bat;asm</Extensions>
    </Filter>
    <Filter Include="Generated Files">
      <UniqueIdentifier>{580774b0-d9a2-427f-ad01-37431f1a09b9}</UniqueIdentifier>
      <SourceControlFiles>False</SourceControlFiles>
    </Filter>
  </ItemGroup>
  <ItemGroup>
    <None Include="PocketKnifeps.def">
      <Filter>Source Files</Filter>
    </None>
  </ItemGroup>
  <ItemGroup>
    <ClCompile Include="PocketKnife_i.c">
      <Filter>Generated Files</Filter>
    </ClCompile>
    <ClCompile Include="PocketKnife_p.c">
      <Filter>Generated Files</Filter>
    </ClCompile>
  </ItemGroup>
</Project>